
Microsoft Visual Studio Solution File, Format Version 12.00
# Visual Studio Version 16
VisualStudioVersion = 16.0.29911.84
MinimumVisualStudioVersion = 10.0.40219.1
Project("{FAE04EC0-301F-11D3-BF4B-00C04F79EFBC}") = "Textadventure Paul Witt", "Textadventure Paul Witt.csproj", "{11795E1E-B5DB-42C7-91F5-136F8833D393}"
EndProject
Global
	GlobalSection(SolutionConfigurationPlatforms) = preSolution
		Debug|Any CPU = Debug|Any CPU
		Release|Any CPU = Release|Any CPU
	EndGlobalSection
	GlobalSection(ProjectConfigurationPlatforms) = postSolution
		{11795E1E-B5DB-42C7-91F5-136F8833D393}.Debug|Any CPU.ActiveCfg = Debug|Any CPU
		{11795E1E-B5DB-42C7-91F5-136F8833D393}.Debug|Any CPU.Build.0 = Debug|Any CPU
		{11795E1E-B5DB-42C7-91F5-136F8833D393}.Release|Any CPU.ActiveCfg = Release|Any CPU
		{11795E1E-B5DB-42C7-91F5-136F8833D393}.Release|Any CPU.Build.0 = Release|Any CPU
	EndGlobalSection
	GlobalSection(SolutionProperties) = preSolution
		HideSolutionNode = FALSE
	EndGlobalSection
	GlobalSection(ExtensibilityGlobals) = postSolution
		SolutionGuid = {AAA1DB27-0616-4072-912A-348820DDD44A}
	EndGlobalSection
EndGlobal
